
Microsoft Visual Studio Solution File, Format Version 12.00
# Visual Studio 2015
Project("{FAE04EC0-301F-11D3-BF4B-00C04F79EFBC}") = "ARPGProject", "ARPGProject.csproj", "{43B633D6-986C-D5C7-39D3-91BFFD9562D7}"
EndProject
Project("{FAE04EC0-301F-11D3-BF4B-00C04F79EFBC}") = "ARPGProject.Editor", "ARPGProject.Editor.csproj", "{8FD70B47-7207-6898-B415-05869751AF67}"
EndProject
Global
	GlobalSection(SolutionConfigurationPlatforms) = preSolution
		Debug|Any CPU = Debug|Any CPU
		Release|Any CPU = Release|Any CPU
	EndGlobalSection
	GlobalSection(ProjectConfigurationPlatforms) = postSolution
		{43B633D6-986C-D5C7-39D3-91BFFD9562D7}.Debug|Any CPU.ActiveCfg = Debug|Any CPU
		{43B633D6-986C-D5C7-39D3-91BFFD9562D7}.Debug|Any CPU.Build.0 = Debug|Any CPU
		{43B633D6-986C-D5C7-39D3-91BFFD9562D7}.Release|Any CPU.ActiveCfg = Release|Any CPU
		{43B633D6-986C-D5C7-39D3-91BFFD9562D7}.Release|Any CPU.Build.0 = Release|Any CPU
		{8FD70B47-7207-6898-B415-05869751AF67}.Debug|Any CPU.ActiveCfg = Debug|Any CPU
		{8FD70B47-7207-6898-B415-05869751AF67}.Debug|Any CPU.Build.0 = Debug|Any CPU
		{8FD70B47-7207-6898-B415-05869751AF67}.Release|Any CPU.ActiveCfg = Release|Any CPU
		{8FD70B47-7207-6898-B415-05869751AF67}.Release|Any CPU.Build.0 = Release|Any CPU
	EndGlobalSection
	GlobalSection(SolutionProperties) = preSolution
		HideSolutionNode = FALSE
	EndGlobalSection
EndGlobal
